// !$*UTF8*$!
{
	archiveVersion = 1;
	classes = {
	};
	objectVersion = 50;
	objects = {

/* Begin PBXBuildFile section */
		BF29C3D126CB95DC00CACF02 /* FirstResponderTextField.swift in Sources */ = {isa = PBXBuildFile; fileRef = BF29C3D026CB95DC00CACF02 /* FirstResponderTextField.swift */; };
		BF3343B326BB0B8C00AF3569 /* EmptyListView.swift in Sources */ = {isa = PBXBuildFile; fileRef = BF3343B226BB0B8C00AF3569 /* EmptyListView.swift */; };
		BF57A8C226B7A49500155253 /* AppDelegate.swift in Sources */ = {isa = PBXBuildFile; fileRef = BF57A8C126B7A49500155253 /* AppDelegate.swift */; };
		BF57A8C426B7A49500155253 /* SceneDelegate.swift in Sources */ = {isa = PBXBuildFile; fileRef = BF57A8C326B7A49500155253 /* SceneDelegate.swift */; };
		BF57A8C626B7A49500155253 /* ContentView.swift in Sources */ = {isa = PBXBuildFile; fileRef = BF57A8C526B7A49500155253 /* ContentView.swift */; };
		BF57A8C926B7A49500155253 /* TodoApp2.xcdatamodeld in Sources */ = {isa = PBXBuildFile; fileRef = BF57A8C726B7A49500155253 /* TodoApp2.xcdatamodeld */; };
		BF57A8CB26B7A49800155253 /* Assets.xcassets in Resources */ = {isa = PBXBuildFile; fileRef = BF57A8CA26B7A49800155253 /* Assets.xcassets */; };
		BF57A8CE26B7A49800155253 /* Preview Assets.xcassets in Resources */ = {isa = PBXBuildFile; fileRef = BF57A8CD26B7A49800155253 /* Preview Assets.xcassets */; };
		BF57A8D126B7A49800155253 /* LaunchScreen.storyboard in Resources */ = {isa = PBXBuildFile; fileRef = BF57A8CF26B7A49800155253 /* LaunchScreen.storyboard */; };
		BF57A8D926B7A4A600155253 /* AddTodoView.swift in Sources */ = {isa = PBXBuildFile; fileRef = BF57A8D826B7A4A600155253 /* AddTodoView.swift */; };
		BF90951026BD174900448C3A /* SettingsView.swift in Sources */ = {isa = PBXBuildFile; fileRef = BF90950F26BD174900448C3A /* SettingsView.swift */; };
		BF9503D426BD1B1100FE4DFD /* FormRowStaticView.swift in Sources */ = {isa = PBXBuildFile; fileRef = BF9503D326BD1B1100FE4DFD /* FormRowStaticView.swift */; };
		BF9503D626BD1D1400FE4DFD /* FormRowLinkView.swift in Sources */ = {isa = PBXBuildFile; fileRef = BF9503D526BD1D1400FE4DFD /* FormRowLinkView.swift */; };
		BFEA349C26CA0FFD00E173C6 /* ThemeModel.swift in Sources */ = {isa = PBXBuildFile; fileRef = BFEA349B26CA0FFD00E173C6 /* ThemeModel.swift */; };
		BFEA349E26CA104D00E173C6 /* ThemeData.swift in Sources */ = {isa = PBXBuildFile; fileRef = BFEA349D26CA104D00E173C6 /* ThemeData.swift */; };
		BFEA34A026CA117B00E173C6 /* ThemeSettings.swift in Sources */ = {isa = PBXBuildFile; fileRef = BFEA349F26CA117B00E173C6 /* ThemeSettings.swift */; };
		BFF07D5B26C6074D00FF8B67 /* Purple White.png in Resources */ = {isa = PBXBuildFile; fileRef = BFF07D5726C6074D00FF8B67 /* Purple White.png */; };
		BFF07D5C26C6074D00FF8B67 /* Linear Purple.png in Resources */ = {isa = PBXBuildFile; fileRef = BFF07D5826C6074D00FF8B67 /* Linear Purple.png */; };
		BFF07D5D26C6074D00FF8B67 /* Default Blue.png in Resources */ = {isa = PBXBuildFile; fileRef = BFF07D5926C6074D00FF8B67 /* Default Blue.png */; };
		BFF07D5E26C6074D00FF8B67 /* Red White.png in Resources */ = {isa = PBXBuildFile; fileRef = BFF07D5A26C6074D00FF8B67 /* Red White.png */; };
		BFF07D6026C6102400FF8B67 /* IconManagers.swift in Sources */ = {isa = PBXBuildFile; fileRef = BFF07D5F26C6102400FF8B67 /* IconManagers.swift */; };
/* End PBXBuildFile section */

/* Begin PBXFileReference section */
		BF29C3D026CB95DC00CACF02 /* FirstResponderTextField.swift */ = {isa = PBXFileReference; lastKnownFileType = sourcecode.swift; path = FirstResponderTextField.swift; sourceTree = "<group>"; };
		BF3343B226BB0B8C00AF3569 /* EmptyListView.swift */ = {isa = PBXFileReference; lastKnownFileType = sourcecode.swift; path = EmptyListView.swift; sourceTree = "<group>"; };
		BF57A8BE26B7A49500155253 /* TodoApp2.app */ = {isa = PBXFileReference; explicitFileType = wrapper.application; includeInIndex = 0; path = TodoApp2.app; sourceTree = BUILT_PRODUCTS_DIR; };
		BF57A8C126B7A49500155253 /* AppDelegate.swift */ = {isa = PBXFileReference; lastKnownFileType = sourcecode.swift; path = AppDelegate.swift; sourceTree = "<group>"; };
		BF57A8C326B7A49500155253 /* SceneDelegate.swift */ = {isa = PBXFileReference; lastKnownFileType = sourcecode.swift; path = SceneDelegate.swift; sourceTree = "<group>"; };
		BF57A8C526B7A49500155253 /* ContentView.swift */ = {isa = PBXFileReference; lastKnownFileType = sourcecode.swift; path = ContentView.swift; sourceTree = "<group>"; };
		BF57A8C826B7A49500155253 /* TodoApp2.xcdatamodel */ = {isa = PBXFileReference; lastKnownFileType = wrapper.xcdatamodel; path = TodoApp2.xcdatamodel; sourceTree = "<group>"; };
		BF57A8CA26B7A49800155253 /* Assets.xcassets */ = {isa = PBXFileReference; lastKnownFileType = folder.assetcatalog; path = Assets.xcassets; sourceTree = "<group>"; };
		BF57A8CD26B7A49800155253 /* Preview Assets.xcassets */ = {isa = PBXFileReference; lastKnownFileType = folder.assetcatalog; path = "Preview Assets.xcassets"; sourceTree = "<group>"; };
		BF57A8D026B7A49800155253 /* Base */ = {isa = PBXFileReference; lastKnownFileType = file.storyboard; name = Base; path = Base.lproj/LaunchScreen.storyboard; sourceTree = "<group>"; };
		BF57A8D226B7A49800155253 /* Info.plist */ = {isa = PBXFileReference; lastKnownFileType = text.plist.xml; path = Info.plist; sourceTree = "<group>"; };
		BF57A8D826B7A4A600155253 /* AddTodoView.swift */ = {isa = PBXFileReference; fileEncoding = 4; lastKnownFileType = sourcecode.swift; path = AddTodoView.swift; sourceTree = "<group>"; };
		BF90950F26BD174900448C3A /* SettingsView.swift */ = {isa = PBXFileReference; lastKnownFileType = sourcecode.swift; path = SettingsView.swift; sourceTree = "<group>"; };
		BF9503D326BD1B1100FE4DFD /* FormRowStaticView.swift */ = {isa = PBXFileReference; lastKnownFileType = sourcecode.swift; path = FormRowStaticView.swift; sourceTree = "<group>"; };
		BF9503D526BD1D1400FE4DFD /* FormRowLinkView.swift */ = {isa = PBXFileReference; lastKnownFileType = sourcecode.swift; path = FormRowLinkView.swift; sourceTree = "<group>"; };
		BFEA349B26CA0FFD00E173C6 /* ThemeModel.swift */ = {isa = PBXFileReference; lastKnownFileType = sourcecode.swift; path = ThemeModel.swift; sourceTree = "<group>"; };
		BFEA349D26CA104D00E173C6 /* ThemeData.swift */ = {isa = PBXFileReference; lastKnownFileType = sourcecode.swift; path = ThemeData.swift; sourceTree = "<group>"; };
		BFEA349F26CA117B00E173C6 /* ThemeSettings.swift */ = {isa = PBXFileReference; lastKnownFileType = sourcecode.swift; path = ThemeSettings.swift; sourceTree = "<group>"; };
		BFF07D5726C6074D00FF8B67 /* Purple White.png */ = {isa = PBXFileReference; lastKnownFileType = image.png; path = "Purple White.png"; sourceTree = "<group>"; };
		BFF07D5826C6074D00FF8B67 /* Linear Purple.png */ = {isa = PBXFileReference; lastKnownFileType = image.png; path = "Linear Purple.png"; sourceTree = "<group>"; };
		BFF07D5926C6074D00FF8B67 /* Default Blue.png */ = {isa = PBXFileReference; lastKnownFileType = image.png; path = "Default Blue.png"; sourceTree = "<group>"; };
		BFF07D5A26C6074D00FF8B67 /* Red White.png */ = {isa = PBXFileReference; lastKnownFileType = image.png; path = "Red White.png"; sourceTree = "<group>"; };
		BFF07D5F26C6102400FF8B67 /* IconManagers.swift */ = {isa = PBXFileReference; lastKnownFileType = sourcecode.swift; path = IconManagers.swift; sourceTree = "<group>"; };
/* End PBXFileReference section */

/* Begin PBXFrameworksBuildPhase section */
		BF57A8BB26B7A49500155253 /* Frameworks */ = {
			isa = PBXFrameworksBuildPhase;
			buildActionMask = 2147483647;
			files = (
			);
			runOnlyForDeploymentPostprocessing = 0;
		};
/* End PBXFrameworksBuildPhase section */

/* Begin PBXGroup section */
		BF57A8B526B7A49500155253 = {
			isa = PBXGroup;
			children = (
				BF57A8C026B7A49500155253 /* TodoApp2 */,
				BF57A8BF26B7A49500155253 /* Products */,
			);
			sourceTree = "<group>";
		};
		BF57A8BF26B7A49500155253 /* Products */ = {
			isa = PBXGroup;
			children = (
				BF57A8BE26B7A49500155253 /* TodoApp2.app */,
			);
			name = Products;
			sourceTree = "<group>";
		};
		BF57A8C026B7A49500155253 /* TodoApp2 */ = {
			isa = PBXGroup;
			children = (
				BF57A8C126B7A49500155253 /* AppDelegate.swift */,
				BF57A8C326B7A49500155253 /* SceneDelegate.swift */,
				BFF07D5F26C6102400FF8B67 /* IconManagers.swift */,
				BF29C3D026CB95DC00CACF02 /* FirstResponderTextField.swift */,
				BFEA349A26CA0FF000E173C6 /* Theme */,
				BFF07D5626C605E700FF8B67 /* Icons */,
				BF57A8DA26B7A4AE00155253 /* Views */,
				BF57A8CA26B7A49800155253 /* Assets.xcassets */,
				BF57A8CF26B7A49800155253 /* LaunchScreen.storyboard */,
				BF57A8D226B7A49800155253 /* Info.plist */,
				BF57A8C726B7A49500155253 /* TodoApp2.xcdatamodeld */,
				BF57A8CC26B7A49800155253 /* Preview Content */,
			);
			path = TodoApp2;
			sourceTree = "<group>";
		};
		BF57A8CC26B7A49800155253 /* Preview Content */ = {
			isa = PBXGroup;
			children = (
				BF57A8CD26B7A49800155253 /* Preview Assets.xcassets */,
			);
			path = "Preview Content";
			sourceTree = "<group>";
		};
		BF57A8DA26B7A4AE00155253 /* Views */ = {
			isa = PBXGroup;
			children = (
				BF57A8C526B7A49500155253 /* ContentView.swift */,
				BF57A8D826B7A4A600155253 /* AddTodoView.swift */,
				BF3343B226BB0B8C00AF3569 /* EmptyListView.swift */,
				BFEA349926CA0F7600E173C6 /* Settings */,
			);
			path = Views;
			sourceTree = "<group>";
		};
		BFEA349926CA0F7600E173C6 /* Settings */ = {
			isa = PBXGroup;
			children = (
				BF90950F26BD174900448C3A /* SettingsView.swift */,
				BF9503D326BD1B1100FE4DFD /* FormRowStaticView.swift */,
				BF9503D526BD1D1400FE4DFD /* FormRowLinkView.swift */,
			);
			path = Settings;
			sourceTree = "<group>";
		};
		BFEA349A26CA0FF000E173C6 /* Theme */ = {
			isa = PBXGroup;
			children = (
				BFEA349B26CA0FFD00E173C6 /* ThemeModel.swift */,
				BFEA349D26CA104D00E173C6 /* ThemeData.swift */,
				BFEA349F26CA117B00E173C6 /* ThemeSettings.swift */,
			);
			path = Theme;
			sourceTree = "<group>";
		};
		BFF07D5626C605E700FF8B67 /* Icons */ = {
			isa = PBXGroup;
			children = (
				BFF07D5926C6074D00FF8B67 /* Default Blue.png */,
				BFF07D5826C6074D00FF8B67 /* Linear Purple.png */,
				BFF07D5726C6074D00FF8B67 /* Purple White.png */,
				BFF07D5A26C6074D00FF8B67 /* Red White.png */,
			);
			path = Icons;
			sourceTree = "<group>";
		};
/* End PBXGroup section */

/* Begin PBXNativeTarget section */
		BF57A8BD26B7A49500155253 /* TodoApp2 */ = {
			isa = PBXNativeTarget;
			buildConfigurationList = BF57A8D526B7A49800155253 /* Build configuration list for PBXNativeTarget "TodoApp2" */;
			buildPhases = (
				BF57A8BA26B7A49500155253 /* Sources */,
				BF57A8BB26B7A49500155253 /* Frameworks */,
				BF57A8BC26B7A49500155253 /* Resources */,
			);
			buildRules = (
			);
			dependencies = (
			);
			name = TodoApp2;
			productName = TodoApp2;
			productReference = BF57A8BE26B7A49500155253 /* TodoApp2.app */;
			productType = "com.apple.product-type.application";
		};
/* End PBXNativeTarget section */

/* Begin PBXProject section */
		BF57A8B626B7A49500155253 /* Project object */ = {
			isa = PBXProject;
			attributes = {
				LastSwiftUpdateCheck = 1250;
				LastUpgradeCheck = 1250;
				TargetAttributes = {
					BF57A8BD26B7A49500155253 = {
						CreatedOnToolsVersion = 12.5.1;
					};
				};
			};
			buildConfigurationList = BF57A8B926B7A49500155253 /* Build configuration list for PBXProject "TodoApp2" */;
			compatibilityVersion = "Xcode 9.3";
			developmentRegion = en;
			hasScannedForEncodings = 0;
			knownRegions = (
				en,
				Base,
			);
			mainGroup = BF57A8B526B7A49500155253;
			productRefGroup = BF57A8BF26B7A49500155253 /* Products */;
			projectDirPath = "";
			projectRoot = "";
			targets = (
				BF57A8BD26B7A49500155253 /* TodoApp2 */,
			);
		};
/* End PBXProject section */

/* Begin PBXResourcesBuildPhase section */
		BF57A8BC26B7A49500155253 /* Resources */ = {
			isa = PBXResourcesBuildPhase;
			buildActionMask = 2147483647;
			files = (
				BFF07D5B26C6074D00FF8B67 /* Purple White.png in Resources */,
				BF57A8D126B7A49800155253 /* LaunchScreen.storyboard in Resources */,
				BFF07D5E26C6074D00FF8B67 /* Red White.png in Resources */,
				BF57A8CE26B7A49800155253 /* Preview Assets.xcassets in Resources */,
				BFF07D5C26C6074D00FF8B67 /* Linear Purple.png in Resources */,
				BFF07D5D26C6074D00FF8B67 /* Default Blue.png in Resources */,
				BF57A8CB26B7A49800155253 /* Assets.xcassets in Resources */,
			);
			runOnlyForDeploymentPostprocessing = 0;
		};
/* End PBXResourcesBuildPhase section */

/* Begin PBXSourcesBuildPhase section */
		BF57A8BA26B7A49500155253 /* Sources */ = {
			isa = PBXSourcesBuildPhase;
			buildActionMask = 2147483647;
			files = (
				BF90951026BD174900448C3A /* SettingsView.swift in Sources */,
				BF29C3D126CB95DC00CACF02 /* FirstResponderTextField.swift in Sources */,
				BFEA34A026CA117B00E173C6 /* ThemeSettings.swift in Sources */,
				BF9503D426BD1B1100FE4DFD /* FormRowStaticView.swift in Sources */,
				BFF07D6026C6102400FF8B67 /* IconManagers.swift in Sources */,
				BFEA349E26CA104D00E173C6 /* ThemeData.swift in Sources */,
				BFEA349C26CA0FFD00E173C6 /* ThemeModel.swift in Sources */,
				BF9503D626BD1D1400FE4DFD /* FormRowLinkView.swift in Sources */,
				BF57A8C226B7A49500155253 /* AppDelegate.swift in Sources */,
				BF57A8C426B7A49500155253 /* SceneDelegate.swift in Sources */,
				BF3343B326BB0B8C00AF3569 /* EmptyListView.swift in Sources */,
				BF57A8C926B7A49500155253 /* TodoApp2.xcdatamodeld in Sources */,
				BF57A8C626B7A49500155253 /* ContentView.swift in Sources */,
				BF57A8D926B7A4A600155253 /* AddTodoView.swift in Sources */,
			);
			runOnlyForDeploymentPostprocessing = 0;
		};
/* End PBXSourcesBuildPhase section */

/* Begin PBXVariantGroup section */
		BF57A8CF26B7A49800155253 /* LaunchScreen.storyboard */ = {
			isa = PBXVariantGroup;
			children = (
				BF57A8D026B7A49800155253 /* Base */,
			);
			name = LaunchScreen.storyboard;
			sourceTree = "<group>";
		};
/* End PBXVariantGroup section */

/* Begin XCBuildConfiguration section */
		BF57A8D326B7A49800155253 /* Debug */ = {
			isa = XCBuildConfiguration;
			buildSettings = {
				ALWAYS_SEARCH_USER_PATHS = NO;
				CLANG_ANALYZER_NONNULL = YES;
				CLANG_ANALYZER_NUMBER_OBJECT_CONVERSION = YES_AGGRESSIVE;
				CLANG_CXX_LANGUAGE_STANDARD = "gnu++14";
				CLANG_CXX_LIBRARY = "libc++";
				CLANG_ENABLE_MODULES = YES;
				CLANG_ENABLE_OBJC_ARC = YES;
				CLANG_ENABLE_OBJC_WEAK = YES;
				CLANG_WARN_BLOCK_CAPTURE_AUTORELEASING = YES;
				CLANG_WARN_BOOL_CONVERSION = YES;
				CLANG_WARN_COMMA = YES;
				CLANG_WARN_CONSTANT_CONVERSION = YES;
				CLANG_WARN_DEPRECATED_OBJC_IMPLEMENTATIONS = YES;
				CLANG_WARN_DIRECT_OBJC_ISA_USAGE = YES_ERROR;
				CLANG_WARN_DOCUMENTATION_COMMENTS = YES;
				CLANG_WARN_EMPTY_BODY = YES;
				CLANG_WARN_ENUM_CONVERSION = YES;
				CLANG_WARN_INFINITE_RECURSION = YES;
				CLANG_WARN_INT_CONVERSION = YES;
				CLANG_WARN_NON_LITERAL_NULL_CONVERSION = YES;
				CLANG_WARN_OBJC_IMPLICIT_RETAIN_SELF = YES;
				CLANG_WARN_OBJC_LITERAL_CONVERSION = YES;
				CLANG_WARN_OBJC_ROOT_CLASS = YES_ERROR;
				CLANG_WARN_QUOTED_INCLUDE_IN_FRAMEWORK_HEADER = YES;
				CLANG_WARN_RANGE_LOOP_ANALYSIS = YES;
				CLANG_WARN_STRICT_PROTOTYPES = YES;
				CLANG_WARN_SUSPICIOUS_MOVE = YES;
				CLANG_WARN_UNGUARDED_AVAILABILITY = YES_AGGRESSIVE;
				CLANG_WARN_UNREACHABLE_CODE = YES;
				CLANG_WARN__DUPLICATE_METHOD_MATCH = YES;
				COPY_PHASE_STRIP = NO;
				DEBUG_INFORMATION_FORMAT = dwarf;
				ENABLE_STRICT_OBJC_MSGSEND = YES;
				ENABLE_TESTABILITY = YES;
				GCC_C_LANGUAGE_STANDARD = gnu11;
				GCC_DYNAMIC_NO_PIC = NO;
				GCC_NO_COMMON_BLOCKS = YES;
				GCC_OPTIMIZATION_LEVEL = 0;
				GCC_PREPROCESSOR_DEFINITIONS = (
					"DEBUG=1",
					"$(inherited)",
				);
				GCC_WARN_64_TO_32_BIT_CONVERSION = YES;
				GCC_WARN_ABOUT_RETURN_TYPE = YES_ERROR;
				GCC_WARN_UNDECLARED_SELECTOR = YES;
				GCC_WARN_UNINITIALIZED_AUTOS = YES_AGGRESSIVE;
				GCC_WARN_UNUSED_FUNCTION = YES;
				GCC_WARN_UNUSED_VARIABLE = YES;
				IPHONEOS_DEPLOYMENT_TARGET = 14.5;
				MTL_ENABLE_DEBUG_INFO = INCLUDE_SOURCE;
				MTL_FAST_MATH = YES;
				ONLY_ACTIVE_ARCH = YES;
				SDKROOT = iphoneos;
				SWIFT_ACTIVE_COMPILATION_CONDITIONS = DEBUG;
				SWIFT_OPTIMIZATION_LEVEL = "-Onone";
			};
			name = Debug;
		};
		BF57A8D426B7A49800155253 /* Release */ = {
			isa = XCBuildConfiguration;
			buildSettings = {
				ALWAYS_SEARCH_USER_PATHS = NO;
				CLANG_ANALYZER_NONNULL = YES;
				CLANG_ANALYZER_NUMBER_OBJECT_CONVERSION = YES_AGGRESSIVE;
				CLANG_CXX_LANGUAGE_STANDARD = "gnu++14";
				CLANG_CXX_LIBRARY = "libc++";
				CLANG_ENABLE_MODULES = YES;
				CLANG_ENABLE_OBJC_ARC = YES;
				CLANG_ENABLE_OBJC_WEAK = YES;
				CLANG_WARN_BLOCK_CAPTURE_AUTORELEASING = YES;
				CLANG_WARN_BOOL_CONVERSION = YES;
				CLANG_WARN_COMMA = YES;
				CLANG_WARN_CONSTANT_CONVERSION = YES;
				CLANG_WARN_DEPRECATED_OBJC_IMPLEMENTATIONS = YES;
				CLANG_WARN_DIRECT_OBJC_ISA_USAGE = YES_ERROR;
				CLANG_WARN_DOCUMENTATION_COMMENTS = YES;
				CLANG_WARN_EMPTY_BODY = YES;
				CLANG_WARN_ENUM_CONVERSION = YES;
				CLANG_WARN_INFINITE_RECURSION = YES;
				CLANG_WARN_INT_CONVERSION = YES;
				CLANG_WARN_NON_LITERAL_NULL_CONVERSION = YES;
				CLANG_WARN_OBJC_IMPLICIT_RETAIN_SELF = YES;
				CLANG_WARN_OBJC_LITERAL_CONVERSION = YES;
				CLANG_WARN_OBJC_ROOT_CLASS = YES_ERROR;
				CLANG_WARN_QUOTED_INCLUDE_IN_FRAMEWORK_HEADER = YES;
				CLANG_WARN_RANGE_LOOP_ANALYSIS = YES;
				CLANG_WARN_STRICT_PROTOTYPES = YES;
				CLANG_WARN_SUSPICIOUS_MOVE = YES;
				CLANG_WARN_UNGUARDED_AVAILABILITY = YES_AGGRESSIVE;
				CLANG_WARN_UNREACHABLE_CODE = YES;
				CLANG_WARN__DUPLICATE_METHOD_MATCH = YES;
				COPY_PHASE_STRIP = NO;
				DEBUG_INFORMATION_FORMAT = "dwarf-with-dsym";
				ENABLE_NS_ASSERTIONS = NO;
				ENABLE_STRICT_OBJC_MSGSEND = YES;
				GCC_C_LANGUAGE_STANDARD = gnu11;
				GCC_NO_COMMON_BLOCKS = YES;
				GCC_WARN_64_TO_32_BIT_CONVERSION = YES;
				GCC_WARN_ABOUT_RETURN_TYPE = YES_ERROR;
				GCC_WARN_UNDECLARED_SELECTOR = YES;
				GCC_WARN_UNINITIALIZED_AUTOS = YES_AGGRESSIVE;
				GCC_WARN_UNUSED_FUNCTION = YES;
				GCC_WARN_UNUSED_VARIABLE = YES;
				IPHONEOS_DEPLOYMENT_TARGET = 14.5;
				MTL_ENABLE_DEBUG_INFO = NO;
				MTL_FAST_MATH = YES;
				SDKROOT = iphoneos;
				SWIFT_COMPILATION_MODE = wholemodule;
				SWIFT_OPTIMIZATION_LEVEL = "-O";
				VALIDATE_PRODUCT = YES;
			};
			name = Release;
		};
		BF57A8D626B7A49800155253 /* Debug */ = {
			isa = XCBuildConfiguration;
			buildSettings = {
				ASSETCATALOG_COMPILER_APPICON_NAME = AppIcon;
				ASSETCATALOG_COMPILER_GLOBAL_ACCENT_COLOR_NAME = AccentColor;
				CODE_SIGN_STYLE = Automatic;
				DEVELOPMENT_ASSET_PATHS = "\"TodoApp2/Preview Content\"";
				DEVELOPMENT_TEAM = 9T3DK8DFL5;
				ENABLE_PREVIEWS = YES;
				INFOPLIST_FILE = TodoApp2/Info.plist;
				LD_RUNPATH_SEARCH_PATHS = (
					"$(inherited)",
					"@executable_path/Frameworks",
				);
				PRODUCT_BUNDLE_IDENTIFIER = com.dzhiphop.TodoApp2;
				PRODUCT_NAME = "$(TARGET_NAME)";
				SWIFT_VERSION = 5.0;
				TARGETED_DEVICE_FAMILY = "1,2";
			};
			name = Debug;
		};
		BF57A8D726B7A49800155253 /* Release */ = {
			isa = XCBuildConfiguration;
			buildSettings = {
				ASSETCATALOG_COMPILER_APPICON_NAME = AppIcon;
				ASSETCATALOG_COMPILER_GLOBAL_ACCENT_COLOR_NAME = AccentColor;
				CODE_SIGN_STYLE = Automatic;
				DEVELOPMENT_ASSET_PATHS = "\"TodoApp2/Preview Content\"";
				DEVELOPMENT_TEAM = 9T3DK8DFL5;
				ENABLE_PREVIEWS = YES;
				INFOPLIST_FILE = TodoApp2/Info.plist;
				LD_RUNPATH_SEARCH_PATHS = (
					"$(inherited)",
					"@executable_path/Frameworks",
				);
				PRODUCT_BUNDLE_IDENTIFIER = com.dzhiphop.TodoApp2;
				PRODUCT_NAME = "$(TARGET_NAME)";
				SWIFT_VERSION = 5.0;
				TARGETED_DEVICE_FAMILY = "1,2";
			};
			name = Release;
		};
/* End XCBuildConfiguration section */

/* Begin XCConfigurationList section */
		BF57A8B926B7A49500155253 /* Build configuration list for PBXProject "TodoApp2" */ = {
			isa = XCConfigurationList;
			buildConfigurations = (
				BF57A8D326B7A49800155253 /* Debug */,
				BF57A8D426B7A49800155253 /* Release */,
			);
			defaultConfigurationIsVisible = 0;
			defaultConfigurationName = Release;
		};
		BF57A8D526B7A49800155253 /* Build configuration list for PBXNativeTarget "TodoApp2" */ = {
			isa = XCConfigurationList;
			buildConfigurations = (
				BF57A8D626B7A49800155253 /* Debug */,
				BF57A8D726B7A49800155253 /* Release */,
			);
			defaultConfigurationIsVisible = 0;
			defaultConfigurationName = Release;
		};
/* End XCConfigurationList section */

/* Begin XCVersionGroup section */
		BF57A8C726B7A49500155253 /* TodoApp2.xcdatamodeld */ = {
			isa = XCVersionGroup;
			children = (
				BF57A8C826B7A49500155253 /* TodoApp2.xcdatamodel */,
			);
			currentVersion = BF57A8C826B7A49500155253 /* TodoApp2.xcdatamodel */;
			path = TodoApp2.xcdatamodeld;
			sourceTree = "<group>";
			versionGroupType = wrapper.xcdatamodel;
		};
/* End XCVersionGroup section */
	};
	rootObject = BF57A8B626B7A49500155253 /* Project object */;
}
